
Microsoft Visual Studio Solution File, Format Version 12.00
# Visual Studio Version 17
VisualStudioVersion = 17.0.31903.59
MinimumVisualStudioVersion = 10.0.40219.1
Project("{FAE04EC0-301F-11D3-BF4B-00C04F79EFBC}") = "AuthService.Domain", "AuthService.Domain\AuthService.Domain.csproj", "{44EB3E8C-77A0-4231-B7A0-C7D67ECB2282}"
EndProject
Project("{FAE04EC0-301F-11D3-BF4B-00C04F79EFBC}") = "AuthService.Application", "AuthService.Application\AuthService.Application.csproj", "{4CE63C0E-B400-4C71-8841-C5400B358E3F}"
EndProject
Project("{FAE04EC0-301F-11D3-BF4B-00C04F79EFBC}") = "AuthService.Infrastructure", "AuthService.Infrastructure\AuthService.Infrastructure.csproj", "{2E69C24A-AC0F-4DA8-B54E-ADC9EA558159}"
EndProject
Project("{FAE04EC0-301F-11D3-BF4B-00C04F79EFBC}") = "AuthService.API", "AuthService.API\AuthService.API.csproj", "{B4345F43-3CA5-4210-9332-DE7DC7249A4C}"
EndProject
Global
	GlobalSection(SolutionConfigurationPlatforms) = preSolution
		Debug|Any CPU = Debug|Any CPU
		Debug|x64 = Debug|x64
		Debug|x86 = Debug|x86
		Release|Any CPU = Release|Any CPU
		Release|x64 = Release|x64
		Release|x86 = Release|x86
	EndGlobalSection
	GlobalSection(ProjectConfigurationPlatforms) = postSolution
		{44EB3E8C-77A0-4231-B7A0-C7D67ECB2282}.Debug|Any CPU.ActiveCfg = Debug|Any CPU
		{44EB3E8C-77A0-4231-B7A0-C7D67ECB2282}.Debug|Any CPU.Build.0 = Debug|Any CPU
		{44EB3E8C-77A0-4231-B7A0-C7D67ECB2282}.Debug|x64.ActiveCfg = Debug|Any CPU
		{44EB3E8C-77A0-4231-B7A0-C7D67ECB2282}.Debug|x64.Build.0 = Debug|Any CPU
		{44EB3E8C-77A0-4231-B7A0-C7D67ECB2282}.Debug|x86.ActiveCfg = Debug|Any CPU
		{44EB3E8C-77A0-4231-B7A0-C7D67ECB2282}.Debug|x86.Build.0 = Debug|Any CPU
		{44EB3E8C-77A0-4231-B7A0-C7D67ECB2282}.Release|Any CPU.ActiveCfg = Release|Any CPU
		{44EB3E8C-77A0-4231-B7A0-C7D67ECB2282}.Release|Any CPU.Build.0 = Release|Any CPU
		{44EB3E8C-77A0-4231-B7A0-C7D67ECB2282}.Release|x64.ActiveCfg = Release|Any CPU
		{44EB3E8C-77A0-4231-B7A0-C7D67ECB2282}.Release|x64.Build.0 = Release|Any CPU
		{44EB3E8C-77A0-4231-B7A0-C7D67ECB2282}.Release|x86.ActiveCfg = Release|Any CPU
		{44EB3E8C-77A0-4231-B7A0-C7D67ECB2282}.Release|x86.Build.0 = Release|Any CPU
		{4CE63C0E-B400-4C71-8841-C5400B358E3F}.Debug|Any CPU.ActiveCfg = Debug|Any CPU
		{4CE63C0E-B400-4C71-8841-C5400B358E3F}.Debug|Any CPU.Build.0 = Debug|Any CPU
		{4CE63C0E-B400-4C71-8841-C5400B358E3F}.Debug|x64.ActiveCfg = Debug|Any CPU
		{4CE63C0E-B400-4C71-8841-C5400B358E3F}.Debug|x64.Build.0 = Debug|Any CPU
		{4CE63C0E-B400-4C71-8841-C5400B358E3F}.Debug|x86.ActiveCfg = Debug|Any CPU
		{4CE63C0E-B400-4C71-8841-C5400B358E3F}.Debug|x86.Build.0 = Debug|Any CPU
		{4CE63C0E-B400-4C71-8841-C5400B358E3F}.Release|Any CPU.ActiveCfg = Release|Any CPU
		{4CE63C0E-B400-4C71-8841-C5400B358E3F}.Release|Any CPU.Build.0 = Release|Any CPU
		{4CE63C0E-B400-4C71-8841-C5400B358E3F}.Release|x64.ActiveCfg = Release|Any CPU
		{4CE63C0E-B400-4C71-8841-C5400B358E3F}.Release|x64.Build.0 = Release|Any CPU
		{4CE63C0E-B400-4C71-8841-C5400B358E3F}.Release|x86.ActiveCfg = Release|Any CPU
		{4CE63C0E-B400-4C71-8841-C5400B358E3F}.Release|x86.Build.0 = Release|Any CPU
		{2E69C24A-AC0F-4DA8-B54E-ADC9EA558159}.Debug|Any CPU.ActiveCfg = Debug|Any CPU
		{2E69C24A-AC0F-4DA8-B54E-ADC9EA558159}.Debug|Any CPU.Build.0 = Debug|Any CPU
		{2E69C24A-AC0F-4DA8-B54E-ADC9EA558159}.Debug|x64.ActiveCfg = Debug|Any CPU
		{2E69C24A-AC0F-4DA8-B54E-ADC9EA558159}.Debug|x64.Build.0 = Debug|Any CPU
		{2E69C24A-AC0F-4DA8-B54E-ADC9EA558159}.Debug|x86.ActiveCfg = Debug|Any CPU
		{2E69C24A-AC0F-4DA8-B54E-ADC9EA558159}.Debug|x86.Build.0 = Debug|Any CPU
		{2E69C24A-AC0F-4DA8-B54E-ADC9EA558159}.Release|Any CPU.ActiveCfg = Release|Any CPU
		{2E69C24A-AC0F-4DA8-B54E-ADC9EA558159}.Release|Any CPU.Build.0 = Release|Any CPU
		{2E69C24A-AC0F-4DA8-B54E-ADC9EA558159}.Release|x64.ActiveCfg = Release|Any CPU
		{2E69C24A-AC0F-4DA8-B54E-ADC9EA558159}.Release|x64.Build.0 = Release|Any CPU
		{2E69C24A-AC0F-4DA8-B54E-ADC9EA558159}.Release|x86.ActiveCfg = Release|Any CPU
		{2E69C24A-AC0F-4DA8-B54E-ADC9EA558159}.Release|x86.Build.0 = Release|Any CPU
		{B4345F43-3CA5-4210-9332-DE7DC7249A4C}.Debug|Any CPU.ActiveCfg = Debug|Any CPU
		{B4345F43-3CA5-4210-9332-DE7DC7249A4C}.Debug|Any CPU.Build.0 = Debug|Any CPU
		{B4345F43-3CA5-4210-9332-DE7DC7249A4C}.Debug|x64.ActiveCfg = Debug|Any CPU
		{B4345F43-3CA5-4210-9332-DE7DC7249A4C}.Debug|x64.Build.0 = Debug|Any CPU
		{B4345F43-3CA5-4210-9332-DE7DC7249A4C}.Debug|x86.ActiveCfg = Debug|Any CPU
		{B4345F43-3CA5-4210-9332-DE7DC7249A4C}.Debug|x86.Build.0 = Debug|Any CPU
		{B4345F43-3CA5-4210-9332-DE7DC7249A4C}.Release|Any CPU.ActiveCfg = Release|Any CPU
		{B4345F43-3CA5-4210-9332-DE7DC7249A4C}.Release|Any CPU.Build.0 = Release|Any CPU
		{B4345F43-3CA5-4210-9332-DE7DC7249A4C}.Release|x64.ActiveCfg = Release|Any CPU
		{B4345F43-3CA5-4210-9332-DE7DC7249A4C}.Release|x64.Build.0 = Release|Any CPU
		{B4345F43-3CA5-4210-9332-DE7DC7249A4C}.Release|x86.ActiveCfg = Release|Any CPU
		{B4345F43-3CA5-4210-9332-DE7DC7249A4C}.Release|x86.Build.0 = Release|Any CPU
	EndGlobalSection
	GlobalSection(SolutionProperties) = preSolution
		HideSolutionNode = FALSE
	EndGlobalSection
EndGlobal
